<?xml version="1.0" encoding="utf-8"?>
<Project ToolsVersion="4.0" xmlns="http://schemas.microsoft.com/developer/msbuild/2003">
	<ItemGroup>
		<Filter Include="Source Files">
		</Filter>
	</ItemGroup>
	<ItemGroup>
		<ClCompile Include="..\..\SampleParticlesHelloWorld\Main.cpp">
			<Filter>Source Files</Filter>
		</ClCompile>
		<ClCompile Include="..\..\SampleParticlesHelloWorld\SampleSceneController.cpp">
			<Filter>Source Files</Filter>
		</ClCompile>
		<ClCompile Include="..\..\SampleParticlesHelloWorld\SampleUIController.cpp">
			<Filter>Source Files</Filter>
		</ClCompile>
		<ClInclude Include="..\..\SampleParticlesHelloWorld\SampleSceneController.h">
			<Filter>Source Files</Filter>
		</ClInclude>
		<ClInclude Include="..\..\SampleParticlesHelloWorld\SampleUIController.h">
			<Filter>Source Files</Filter>
		</ClInclude>
	</ItemGroup>
</Project>