Microsoft Visual Studio Solution File, Format Version 12.00
# Visual Studio 14
Project("{8BC9CEB8-8B4A-11D0-8D11-00A0C91BC942}") = "SampleBase", "./SampleBase.vcxproj", "{DD323D8B-0B68-74C5-043C-91BBE6A810A7}"
	ProjectSection(ProjectDependencies) = postProject
		{E4300CA4-818C-5C30-C94C-91C4220872A0} = {E4300CA4-818C-5C30-C94C-91C4220872A0}
		{4507D448-C038-EA54-7F1E-7EA0C6B84F9D} = {4507D448-C038-EA54-7F1E-7EA0C6B84F9D}
		{223559A7-4AD8-97C2-820A-599906DBF2CC} = {223559A7-4AD8-97C2-820A-599906DBF2CC}
		{1B4A9376-FB36-9386-4BA2-0BCEEC657D29} = {1B4A9376-FB36-9386-4BA2-0BCEEC657D29}
		{AC3E98F3-4039-0B48-2EE8-CC39B49070B0} = {AC3E98F3-4039-0B48-2EE8-CC39B49070B0}
	EndProjectSection
EndProject
Project("{8BC9CEB8-8B4A-11D0-8D11-00A0C91BC942}") = "SampleDestructionHelloWorld", "./SampleDestructionHelloWorld.vcxproj", "{F26C39BF-31B2-B855-F75A-4BE9DC2DC412}"
	ProjectSection(ProjectDependencies) = postProject
		{E4300CA4-818C-5C30-C94C-91C4220872A0} = {E4300CA4-818C-5C30-C94C-91C4220872A0}
		{4507D448-C038-EA54-7F1E-7EA0C6B84F9D} = {4507D448-C038-EA54-7F1E-7EA0C6B84F9D}
		{223559A7-4AD8-97C2-820A-599906DBF2CC} = {223559A7-4AD8-97C2-820A-599906DBF2CC}
		{1B4A9376-FB36-9386-4BA2-0BCEEC657D29} = {1B4A9376-FB36-9386-4BA2-0BCEEC657D29}
		{AC3E98F3-4039-0B48-2EE8-CC39B49070B0} = {AC3E98F3-4039-0B48-2EE8-CC39B49070B0}
		{DD323D8B-0B68-74C5-043C-91BBE6A810A7} = {DD323D8B-0B68-74C5-043C-91BBE6A810A7}
	EndProjectSection
EndProject
Project("{8BC9CEB8-8B4A-11D0-8D11-00A0C91BC942}") = "SampleDestructionImpactDamage", "./SampleDestructionImpactDamage.vcxproj", "{93B00FD3-D3AB-EB77-7588-525BAD2F071D}"
	ProjectSection(ProjectDependencies) = postProject
		{E4300CA4-818C-5C30-C94C-91C4220872A0} = {E4300CA4-818C-5C30-C94C-91C4220872A0}
		{4507D448-C038-EA54-7F1E-7EA0C6B84F9D} = {4507D448-C038-EA54-7F1E-7EA0C6B84F9D}
		{223559A7-4AD8-97C2-820A-599906DBF2CC} = {223559A7-4AD8-97C2-820A-599906DBF2CC}
		{1B4A9376-FB36-9386-4BA2-0BCEEC657D29} = {1B4A9376-FB36-9386-4BA2-0BCEEC657D29}
		{AC3E98F3-4039-0B48-2EE8-CC39B49070B0} = {AC3E98F3-4039-0B48-2EE8-CC39B49070B0}
		{DD323D8B-0B68-74C5-043C-91BBE6A810A7} = {DD323D8B-0B68-74C5-043C-91BBE6A810A7}
	EndProjectSection
EndProject
Project("{8BC9CEB8-8B4A-11D0-8D11-00A0C91BC942}") = "SampleParticlesHelloWorld", "./SampleParticlesHelloWorld.vcxproj", "{0536342F-24C0-9550-7B2C-07D1F8EC79EF}"
	ProjectSection(ProjectDependencies) = postProject
		{E4300CA4-818C-5C30-C94C-91C4220872A0} = {E4300CA4-818C-5C30-C94C-91C4220872A0}
		{4507D448-C038-EA54-7F1E-7EA0C6B84F9D} = {4507D448-C038-EA54-7F1E-7EA0C6B84F9D}
		{223559A7-4AD8-97C2-820A-599906DBF2CC} = {223559A7-4AD8-97C2-820A-599906DBF2CC}
		{1B4A9376-FB36-9386-4BA2-0BCEEC657D29} = {1B4A9376-FB36-9386-4BA2-0BCEEC657D29}
		{AC3E98F3-4039-0B48-2EE8-CC39B49070B0} = {AC3E98F3-4039-0B48-2EE8-CC39B49070B0}
		{DD323D8B-0B68-74C5-043C-91BBE6A810A7} = {DD323D8B-0B68-74C5-043C-91BBE6A810A7}
	EndProjectSection
EndProject
Project("{8BC9CEB8-8B4A-11D0-8D11-00A0C91BC942}") = "SampleParticlesMeshParticles", "./SampleParticlesMeshParticles.vcxproj", "{3D855EDB-7B4A-5CD2-A8A6-34C7AFC0B6B4}"
	ProjectSection(ProjectDependencies) = postProject
		{E4300CA4-818C-5C30-C94C-91C4220872A0} = {E4300CA4-818C-5C30-C94C-91C4220872A0}
		{4507D448-C038-EA54-7F1E-7EA0C6B84F9D} = {4507D448-C038-EA54-7F1E-7EA0C6B84F9D}
		{223559A7-4AD8-97C2-820A-599906DBF2CC} = {223559A7-4AD8-97C2-820A-599906DBF2CC}
		{1B4A9376-FB36-9386-4BA2-0BCEEC657D29} = {1B4A9376-FB36-9386-4BA2-0BCEEC657D29}
		{AC3E98F3-4039-0B48-2EE8-CC39B49070B0} = {AC3E98F3-4039-0B48-2EE8-CC39B49070B0}
		{DD323D8B-0B68-74C5-043C-91BBE6A810A7} = {DD323D8B-0B68-74C5-043C-91BBE6A810A7}
	EndProjectSection
EndProject
Project("{8BC9CEB8-8B4A-11D0-8D11-00A0C91BC942}") = "SampleParticlesImpactParticles", "./SampleParticlesImpactParticles.vcxproj", "{0EBE23DE-8822-65FA-ADA0-90D021B79D9C}"
	ProjectSection(ProjectDependencies) = postProject
		{E4300CA4-818C-5C30-C94C-91C4220872A0} = {E4300CA4-818C-5C30-C94C-91C4220872A0}
		{4507D448-C038-EA54-7F1E-7EA0C6B84F9D} = {4507D448-C038-EA54-7F1E-7EA0C6B84F9D}
		{223559A7-4AD8-97C2-820A-599906DBF2CC} = {223559A7-4AD8-97C2-820A-599906DBF2CC}
		{1B4A9376-FB36-9386-4BA2-0BCEEC657D29} = {1B4A9376-FB36-9386-4BA2-0BCEEC657D29}
		{AC3E98F3-4039-0B48-2EE8-CC39B49070B0} = {AC3E98F3-4039-0B48-2EE8-CC39B49070B0}
		{DD323D8B-0B68-74C5-043C-91BBE6A810A7} = {DD323D8B-0B68-74C5-043C-91BBE6A810A7}
	EndProjectSection
EndProject
Project("{8BC9CEB8-8B4A-11D0-8D11-00A0C91BC942}") = "SampleClothingHelloWorld", "./SampleClothingHelloWorld.vcxproj", "{961D3695-F024-7FB6-D236-2180AF48561A}"
	ProjectSection(ProjectDependencies) = postProject
		{E4300CA4-818C-5C30-C94C-91C4220872A0} = {E4300CA4-818C-5C30-C94C-91C4220872A0}
		{4507D448-C038-EA54-7F1E-7EA0C6B84F9D} = {4507D448-C038-EA54-7F1E-7EA0C6B84F9D}
		{223559A7-4AD8-97C2-820A-599906DBF2CC} = {223559A7-4AD8-97C2-820A-599906DBF2CC}
		{1B4A9376-FB36-9386-4BA2-0BCEEC657D29} = {1B4A9376-FB36-9386-4BA2-0BCEEC657D29}
		{AC3E98F3-4039-0B48-2EE8-CC39B49070B0} = {AC3E98F3-4039-0B48-2EE8-CC39B49070B0}
		{DD323D8B-0B68-74C5-043C-91BBE6A810A7} = {DD323D8B-0B68-74C5-043C-91BBE6A810A7}
	EndProjectSection
EndProject
Project("{8BC9CEB8-8B4A-11D0-8D11-00A0C91BC942}") = "DirectXTex", "./../../../externals/extensions/externals/build/vs2015WIN32/DirectXTex.vcxproj", "{E4300CA4-818C-5C30-C94C-91C4220872A0}"
	ProjectSection(ProjectDependencies) = postProject
	EndProjectSection
EndProject
Project("{8BC9CEB8-8B4A-11D0-8D11-00A0C91BC942}") = "DXUT", "./../../../externals/extensions/externals/build/vs2015WIN32/DXUT.vcxproj", "{4507D448-C038-EA54-7F1E-7EA0C6B84F9D}"
	ProjectSection(ProjectDependencies) = postProject
	EndProjectSection
EndProject
Project("{8BC9CEB8-8B4A-11D0-8D11-00A0C91BC942}") = "Effects11", "./../../../externals/extensions/externals/build/vs2015WIN32/Effects11.vcxproj", "{223559A7-4AD8-97C2-820A-599906DBF2CC}"
	ProjectSection(ProjectDependencies) = postProject
	EndProjectSection
EndProject
Project("{8BC9CEB8-8B4A-11D0-8D11-00A0C91BC942}") = "nvidiautils", "./../../../externals/extensions/build/vs2015WIN32/nvidiautils.vcxproj", "{AC3E98F3-4039-0B48-2EE8-CC39B49070B0}"
	ProjectSection(ProjectDependencies) = postProject
	EndProjectSection
EndProject
Project("{8BC9CEB8-8B4A-11D0-8D11-00A0C91BC942}") = "nvsimplemesh", "./../../../externals/extensions/build/vs2015WIN32/nvsimplemesh.vcxproj", "{1B4A9376-FB36-9386-4BA2-0BCEEC657D29}"
	ProjectSection(ProjectDependencies) = postProject
	EndProjectSection
EndProject
Global
	GlobalSection(SolutionConfigurationPlatforms) = preSolution
		checked|Win32 = checked|Win32
		debug|Win32 = debug|Win32
		profile|Win32 = profile|Win32
		release|Win32 = release|Win32
	EndGlobalSection
	GlobalSection(ProjectConfigurationPlatforms) = postSolution
		{DD323D8B-0B68-74C5-043C-91BBE6A810A7}.checked|Win32.ActiveCfg = checked|Win32
		{DD323D8B-0B68-74C5-043C-91BBE6A810A7}.checked|Win32.Build.0 = checked|Win32
		{DD323D8B-0B68-74C5-043C-91BBE6A810A7}.debug|Win32.ActiveCfg = debug|Win32
		{DD323D8B-0B68-74C5-043C-91BBE6A810A7}.debug|Win32.Build.0 = debug|Win32
		{DD323D8B-0B68-74C5-043C-91BBE6A810A7}.profile|Win32.ActiveCfg = profile|Win32
		{DD323D8B-0B68-74C5-043C-91BBE6A810A7}.profile|Win32.Build.0 = profile|Win32
		{DD323D8B-0B68-74C5-043C-91BBE6A810A7}.release|Win32.ActiveCfg = release|Win32
		{DD323D8B-0B68-74C5-043C-91BBE6A810A7}.release|Win32.Build.0 = release|Win32
		{F26C39BF-31B2-B855-F75A-4BE9DC2DC412}.checked|Win32.ActiveCfg = checked|Win32
		{F26C39BF-31B2-B855-F75A-4BE9DC2DC412}.checked|Win32.Build.0 = checked|Win32
		{F26C39BF-31B2-B855-F75A-4BE9DC2DC412}.debug|Win32.ActiveCfg = debug|Win32
		{F26C39BF-31B2-B855-F75A-4BE9DC2DC412}.debug|Win32.Build.0 = debug|Win32
		{F26C39BF-31B2-B855-F75A-4BE9DC2DC412}.profile|Win32.ActiveCfg = profile|Win32
		{F26C39BF-31B2-B855-F75A-4BE9DC2DC412}.profile|Win32.Build.0 = profile|Win32
		{F26C39BF-31B2-B855-F75A-4BE9DC2DC412}.release|Win32.ActiveCfg = release|Win32
		{F26C39BF-31B2-B855-F75A-4BE9DC2DC412}.release|Win32.Build.0 = release|Win32
		{93B00FD3-D3AB-EB77-7588-525BAD2F071D}.checked|Win32.ActiveCfg = checked|Win32
		{93B00FD3-D3AB-EB77-7588-525BAD2F071D}.checked|Win32.Build.0 = checked|Win32
		{93B00FD3-D3AB-EB77-7588-525BAD2F071D}.debug|Win32.ActiveCfg = debug|Win32
		{93B00FD3-D3AB-EB77-7588-525BAD2F071D}.debug|Win32.Build.0 = debug|Win32
		{93B00FD3-D3AB-EB77-7588-525BAD2F071D}.profile|Win32.ActiveCfg = profile|Win32
		{93B00FD3-D3AB-EB77-7588-525BAD2F071D}.profile|Win32.Build.0 = profile|Win32
		{93B00FD3-D3AB-EB77-7588-525BAD2F071D}.release|Win32.ActiveCfg = release|Win32
		{93B00FD3-D3AB-EB77-7588-525BAD2F071D}.release|Win32.Build.0 = release|Win32
		{0536342F-24C0-9550-7B2C-07D1F8EC79EF}.checked|Win32.ActiveCfg = checked|Win32
		{0536342F-24C0-9550-7B2C-07D1F8EC79EF}.checked|Win32.Build.0 = checked|Win32
		{0536342F-24C0-9550-7B2C-07D1F8EC79EF}.debug|Win32.ActiveCfg = debug|Win32
		{0536342F-24C0-9550-7B2C-07D1F8EC79EF}.debug|Win32.Build.0 = debug|Win32
		{0536342F-24C0-9550-7B2C-07D1F8EC79EF}.profile|Win32.ActiveCfg = profile|Win32
		{0536342F-24C0-9550-7B2C-07D1F8EC79EF}.profile|Win32.Build.0 = profile|Win32
		{0536342F-24C0-9550-7B2C-07D1F8EC79EF}.release|Win32.ActiveCfg = release|Win32
		{0536342F-24C0-9550-7B2C-07D1F8EC79EF}.release|Win32.Build.0 = release|Win32
		{3D855EDB-7B4A-5CD2-A8A6-34C7AFC0B6B4}.checked|Win32.ActiveCfg = checked|Win32
		{3D855EDB-7B4A-5CD2-A8A6-34C7AFC0B6B4}.checked|Win32.Build.0 = checked|Win32
		{3D855EDB-7B4A-5CD2-A8A6-34C7AFC0B6B4}.debug|Win32.ActiveCfg = debug|Win32
		{3D855EDB-7B4A-5CD2-A8A6-34C7AFC0B6B4}.debug|Win32.Build.0 = debug|Win32
		{3D855EDB-7B4A-5CD2-A8A6-34C7AFC0B6B4}.profile|Win32.ActiveCfg = profile|Win32
		{3D855EDB-7B4A-5CD2-A8A6-34C7AFC0B6B4}.profile|Win32.Build.0 = profile|Win32
		{3D855EDB-7B4A-5CD2-A8A6-34C7AFC0B6B4}.release|Win32.ActiveCfg = release|Win32
		{3D855EDB-7B4A-5CD2-A8A6-34C7AFC0B6B4}.release|Win32.Build.0 = release|Win32
		{0EBE23DE-8822-65FA-ADA0-90D021B79D9C}.checked|Win32.ActiveCfg = checked|Win32
		{0EBE23DE-8822-65FA-ADA0-90D021B79D9C}.checked|Win32.Build.0 = checked|Win32
		{0EBE23DE-8822-65FA-ADA0-90D021B79D9C}.debug|Win32.ActiveCfg = debug|Win32
		{0EBE23DE-8822-65FA-ADA0-90D021B79D9C}.debug|Win32.Build.0 = debug|Win32
		{0EBE23DE-8822-65FA-ADA0-90D021B79D9C}.profile|Win32.ActiveCfg = profile|Win32
		{0EBE23DE-8822-65FA-ADA0-90D021B79D9C}.profile|Win32.Build.0 = profile|Win32
		{0EBE23DE-8822-65FA-ADA0-90D021B79D9C}.release|Win32.ActiveCfg = release|Win32
		{0EBE23DE-8822-65FA-ADA0-90D021B79D9C}.release|Win32.Build.0 = release|Win32
		{961D3695-F024-7FB6-D236-2180AF48561A}.checked|Win32.ActiveCfg = checked|Win32
		{961D3695-F024-7FB6-D236-2180AF48561A}.checked|Win32.Build.0 = checked|Win32
		{961D3695-F024-7FB6-D236-2180AF48561A}.debug|Win32.ActiveCfg = debug|Win32
		{961D3695-F024-7FB6-D236-2180AF48561A}.debug|Win32.Build.0 = debug|Win32
		{961D3695-F024-7FB6-D236-2180AF48561A}.profile|Win32.ActiveCfg = profile|Win32
		{961D3695-F024-7FB6-D236-2180AF48561A}.profile|Win32.Build.0 = profile|Win32
		{961D3695-F024-7FB6-D236-2180AF48561A}.release|Win32.ActiveCfg = release|Win32
		{961D3695-F024-7FB6-D236-2180AF48561A}.release|Win32.Build.0 = release|Win32
		{E4300CA4-818C-5C30-C94C-91C4220872A0}.debug|Win32.ActiveCfg = debug|Win32
		{E4300CA4-818C-5C30-C94C-91C4220872A0}.debug|Win32.Build.0 = debug|Win32
		{E4300CA4-818C-5C30-C94C-91C4220872A0}.release|Win32.ActiveCfg = release|Win32
		{E4300CA4-818C-5C30-C94C-91C4220872A0}.release|Win32.Build.0 = release|Win32
		{4507D448-C038-EA54-7F1E-7EA0C6B84F9D}.debug|Win32.ActiveCfg = debug|Win32
		{4507D448-C038-EA54-7F1E-7EA0C6B84F9D}.debug|Win32.Build.0 = debug|Win32
		{4507D448-C038-EA54-7F1E-7EA0C6B84F9D}.release|Win32.ActiveCfg = release|Win32
		{4507D448-C038-EA54-7F1E-7EA0C6B84F9D}.release|Win32.Build.0 = release|Win32
		{223559A7-4AD8-97C2-820A-599906DBF2CC}.debug|Win32.ActiveCfg = debug|Win32
		{223559A7-4AD8-97C2-820A-599906DBF2CC}.debug|Win32.Build.0 = debug|Win32
		{223559A7-4AD8-97C2-820A-599906DBF2CC}.release|Win32.ActiveCfg = release|Win32
		{223559A7-4AD8-97C2-820A-599906DBF2CC}.release|Win32.Build.0 = release|Win32
		{AC3E98F3-4039-0B48-2EE8-CC39B49070B0}.debug|Win32.ActiveCfg = debug|Win32
		{AC3E98F3-4039-0B48-2EE8-CC39B49070B0}.debug|Win32.Build.0 = debug|Win32
		{AC3E98F3-4039-0B48-2EE8-CC39B49070B0}.release|Win32.ActiveCfg = release|Win32
		{AC3E98F3-4039-0B48-2EE8-CC39B49070B0}.release|Win32.Build.0 = release|Win32
		{1B4A9376-FB36-9386-4BA2-0BCEEC657D29}.debug|Win32.ActiveCfg = debug|Win32
		{1B4A9376-FB36-9386-4BA2-0BCEEC657D29}.debug|Win32.Build.0 = debug|Win32
		{1B4A9376-FB36-9386-4BA2-0BCEEC657D29}.release|Win32.ActiveCfg = release|Win32
		{1B4A9376-FB36-9386-4BA2-0BCEEC657D29}.release|Win32.Build.0 = release|Win32
	EndGlobalSection
	GlobalSection(ExtensibilityGlobals) = postSolution
	EndGlobalSection
	GlobalSection(ExtensibilityAddins) = postSolution
	EndGlobalSection
	GlobalSection(NestedProjects) = preSolution
	EndGlobalSection
EndGlobal
