Microsoft Visual Studio Solution File, Format Version 12.00
# Visual Studio 15
Project("{8BC9CEB8-8B4A-11D0-8D11-00A0C91BC942}") = "KaplaDemo", "./KaplaDemo.vcxproj", "{6E287960-8900-CF0B-BACC-4AC0C281B53A}"
	ProjectSection(ProjectDependencies) = postProject
		{7D20139C-09F4-B0C5-B9C9-8E603785931F} = {7D20139C-09F4-B0C5-B9C9-8E603785931F}
		{334F4422-2744-A7F0-A2CA-E6E2CE04CA5C} = {334F4422-2744-A7F0-A2CA-E6E2CE04CA5C}
	EndProjectSection
EndProject
Project("{8BC9CEB8-8B4A-11D0-8D11-00A0C91BC942}") = "glew-MT", "./../../../externals/glew-1.13.0/compiler/vc15win32/glew-MT.vcxproj", "{7D20139C-09F4-B0C5-B9C9-8E603785931F}"
	ProjectSection(ProjectDependencies) = postProject
	EndProjectSection
EndProject
Project("{8BC9CEB8-8B4A-11D0-8D11-00A0C91BC942}") = "DemoFramework", "./DemoFramework.vcxproj", "{334F4422-2744-A7F0-A2CA-E6E2CE04CA5C}"
	ProjectSection(ProjectDependencies) = postProject
		{7D20139C-09F4-B0C5-B9C9-8E603785931F} = {7D20139C-09F4-B0C5-B9C9-8E603785931F}
	EndProjectSection
EndProject
Global
	GlobalSection(SolutionConfigurationPlatforms) = preSolution
		checked|Win32 = checked|Win32
		debug|Win32 = debug|Win32
		profile|Win32 = profile|Win32
		release|Win32 = release|Win32
	EndGlobalSection
	GlobalSection(ProjectConfigurationPlatforms) = postSolution
		{6E287960-8900-CF0B-BACC-4AC0C281B53A}.checked|Win32.ActiveCfg = checked|Win32
		{6E287960-8900-CF0B-BACC-4AC0C281B53A}.checked|Win32.Build.0 = checked|Win32
		{6E287960-8900-CF0B-BACC-4AC0C281B53A}.debug|Win32.ActiveCfg = debug|Win32
		{6E287960-8900-CF0B-BACC-4AC0C281B53A}.debug|Win32.Build.0 = debug|Win32
		{6E287960-8900-CF0B-BACC-4AC0C281B53A}.profile|Win32.ActiveCfg = profile|Win32
		{6E287960-8900-CF0B-BACC-4AC0C281B53A}.profile|Win32.Build.0 = profile|Win32
		{6E287960-8900-CF0B-BACC-4AC0C281B53A}.release|Win32.ActiveCfg = release|Win32
		{6E287960-8900-CF0B-BACC-4AC0C281B53A}.release|Win32.Build.0 = release|Win32
		{7D20139C-09F4-B0C5-B9C9-8E603785931F}.checked|Win32.ActiveCfg = checked|Win32
		{7D20139C-09F4-B0C5-B9C9-8E603785931F}.checked|Win32.Build.0 = checked|Win32
		{7D20139C-09F4-B0C5-B9C9-8E603785931F}.debug|Win32.ActiveCfg = debug|Win32
		{7D20139C-09F4-B0C5-B9C9-8E603785931F}.debug|Win32.Build.0 = debug|Win32
		{7D20139C-09F4-B0C5-B9C9-8E603785931F}.profile|Win32.ActiveCfg = profile|Win32
		{7D20139C-09F4-B0C5-B9C9-8E603785931F}.profile|Win32.Build.0 = profile|Win32
		{7D20139C-09F4-B0C5-B9C9-8E603785931F}.release|Win32.ActiveCfg = release|Win32
		{7D20139C-09F4-B0C5-B9C9-8E603785931F}.release|Win32.Build.0 = release|Win32
		{334F4422-2744-A7F0-A2CA-E6E2CE04CA5C}.checked|Win32.ActiveCfg = checked|Win32
		{334F4422-2744-A7F0-A2CA-E6E2CE04CA5C}.checked|Win32.Build.0 = checked|Win32
		{334F4422-2744-A7F0-A2CA-E6E2CE04CA5C}.debug|Win32.ActiveCfg = debug|Win32
		{334F4422-2744-A7F0-A2CA-E6E2CE04CA5C}.debug|Win32.Build.0 = debug|Win32
		{334F4422-2744-A7F0-A2CA-E6E2CE04CA5C}.profile|Win32.ActiveCfg = profile|Win32
		{334F4422-2744-A7F0-A2CA-E6E2CE04CA5C}.profile|Win32.Build.0 = profile|Win32
		{334F4422-2744-A7F0-A2CA-E6E2CE04CA5C}.release|Win32.ActiveCfg = release|Win32
		{334F4422-2744-A7F0-A2CA-E6E2CE04CA5C}.release|Win32.Build.0 = release|Win32
	EndGlobalSection
	GlobalSection(ExtensibilityGlobals) = postSolution
	EndGlobalSection
	GlobalSection(ExtensibilityAddins) = postSolution
	EndGlobalSection
	GlobalSection(NestedProjects) = preSolution
	EndGlobalSection
EndGlobal
